
Microsoft Visual Studio Solution File, Format Version 12.00
# Visual Studio Version 17
VisualStudioVersion = 17.1.32210.238
MinimumVisualStudioVersion = 10.0.40219.1
Project("{FAE04EC0-301F-11D3-BF4B-00C04F79EFBC}") = "Session-05", "Session-05\Session-05.csproj", "{73C1E477-99F9-40B9-9A68-18D9B3AF00F3}"
EndProject
Global
	GlobalSection(SolutionConfigurationPlatforms) = preSolution
		Debug|Any CPU = Debug|Any CPU
		Release|Any CPU = Release|Any CPU
	EndGlobalSection
	GlobalSection(ProjectConfigurationPlatforms) = postSolution
		{73C1E477-99F9-40B9-9A68-18D9B3AF00F3}.Debug|Any CPU.ActiveCfg = Debug|Any CPU
		{73C1E477-99F9-40B9-9A68-18D9B3AF00F3}.Debug|Any CPU.Build.0 = Debug|Any CPU
		{73C1E477-99F9-40B9-9A68-18D9B3AF00F3}.Release|Any CPU.ActiveCfg = Release|Any CPU
		{73C1E477-99F9-40B9-9A68-18D9B3AF00F3}.Release|Any CPU.Build.0 = Release|Any CPU
	EndGlobalSection
	GlobalSection(SolutionProperties) = preSolution
		HideSolutionNode = FALSE
	EndGlobalSection
	GlobalSection(ExtensibilityGlobals) = postSolution
		SolutionGuid = {30229C4F-1F50-474E-9F62-E0818A635285}
	EndGlobalSection
EndGlobal
