
Microsoft Visual Studio Solution File, Format Version 12.00
# Visual Studio Version 17
VisualStudioVersion = 17.1.32210.238
MinimumVisualStudioVersion = 10.0.40219.1
Project("{FAE04EC0-301F-11D3-BF4B-00C04F79EFBC}") = "Session-17", "Session-17\Session-17.csproj", "{A8FF4690-BF3A-4FFC-9986-73D5E1F78DF4}"
EndProject
Project("{2150E333-8FDC-42A3-9474-1A3956D46DE8}") = "Solution Items", "Solution Items", "{6B15B006-056B-48F6-B9C2-014273A08164}"
	ProjectSection(SolutionItems) = preProject
		..\..\..\..\..\OneDrive\Desktop\Session-17.txt = ..\..\..\..\..\OneDrive\Desktop\Session-17.txt
	EndProjectSection
EndProject
Global
	GlobalSection(SolutionConfigurationPlatforms) = preSolution
		Debug|Any CPU = Debug|Any CPU
		Release|Any CPU = Release|Any CPU
	EndGlobalSection
	GlobalSection(ProjectConfigurationPlatforms) = postSolution
		{A8FF4690-BF3A-4FFC-9986-73D5E1F78DF4}.Debug|Any CPU.ActiveCfg = Debug|Any CPU
		{A8FF4690-BF3A-4FFC-9986-73D5E1F78DF4}.Debug|Any CPU.Build.0 = Debug|Any CPU
		{A8FF4690-BF3A-4FFC-9986-73D5E1F78DF4}.Release|Any CPU.ActiveCfg = Release|Any CPU
		{A8FF4690-BF3A-4FFC-9986-73D5E1F78DF4}.Release|Any CPU.Build.0 = Release|Any CPU
	EndGlobalSection
	GlobalSection(SolutionProperties) = preSolution
		HideSolutionNode = FALSE
	EndGlobalSection
	GlobalSection(ExtensibilityGlobals) = postSolution
		SolutionGuid = {4AFD45E7-F05D-498F-9004-F84FE6F46275}
	EndGlobalSection
EndGlobal
